// !$*UTF8*$!
{
	archiveVersion = 1;
	classes = {
	};
	objectVersion = 46;
	objects = {

/* Begin PBXBuildFile section */
		F76646211EBC19C8000A5EB7 /* AppDelegate.swift in Sources */ = {isa = PBXBuildFile; fileRef = F76646201EBC19C8000A5EB7 /* AppDelegate.swift */; };
		F76646231EBC19C8000A5EB7 /* ViewController.swift in Sources */ = {isa = PBXBuildFile; fileRef = F76646221EBC19C8000A5EB7 /* ViewController.swift */; };
		F76646261EBC19C8000A5EB7 /* Main.storyboard in Resources */ = {isa = PBXBuildFile; fileRef = F76646241EBC19C8000A5EB7 /* Main.storyboard */; };
		F76646291EBC19C8000A5EB7 /* ConnectedSocial.xcdatamodeld in Sources */ = {isa = PBXBuildFile; fileRef = F76646271EBC19C8000A5EB7 /* ConnectedSocial.xcdatamodeld */; };
		F766462B1EBC19C8000A5EB7 /* Assets.xcassets in Resources */ = {isa = PBXBuildFile; fileRef = F766462A1EBC19C8000A5EB7 /* Assets.xcassets */; };
		F766462E1EBC19C8000A5EB7 /* LaunchScreen.storyboard in Resources */ = {isa = PBXBuildFile; fileRef = F766462C1EBC19C8000A5EB7 /* LaunchScreen.storyboard */; };
		F76646391EBC19C9000A5EB7 /* ConnectedSocialTests.swift in Sources */ = {isa = PBXBuildFile; fileRef = F76646381EBC19C9000A5EB7 /* ConnectedSocialTests.swift */; };
		F76646441EBC19C9000A5EB7 /* ConnectedSocialUITests.swift in Sources */ = {isa = PBXBuildFile; fileRef = F76646431EBC19C9000A5EB7 /* ConnectedSocialUITests.swift */; };
/* End PBXBuildFile section */

/* Begin PBXContainerItemProxy section */
		F76646351EBC19C9000A5EB7 /* PBXContainerItemProxy */ = {
			isa = PBXContainerItemProxy;
			containerPortal = F76646151EBC19C8000A5EB7 /* Project object */;
			proxyType = 1;
			remoteGlobalIDString = F766461C1EBC19C8000A5EB7;
			remoteInfo = ConnectedSocial;
		};
		F76646401EBC19C9000A5EB7 /* PBXContainerItemProxy */ = {
			isa = PBXContainerItemProxy;
			containerPortal = F76646151EBC19C8000A5EB7 /* Project object */;
			proxyType = 1;
			remoteGlobalIDString = F766461C1EBC19C8000A5EB7;
			remoteInfo = ConnectedSocial;
		};
/* End PBXContainerItemProxy section */

/* Begin PBXFileReference section */
		F766461D1EBC19C8000A5EB7 /* ConnectedSocial.app */ = {isa = PBXFileReference; explicitFileType = wrapper.application; includeInIndex = 0; path = ConnectedSocial.app; sourceTree = BUILT_PRODUCTS_DIR; };
		F76646201EBC19C8000A5EB7 /* AppDelegate.swift */ = {isa = PBXFileReference; lastKnownFileType = sourcecode.swift; path = AppDelegate.swift; sourceTree = "<group>"; };
		F76646221EBC19C8000A5EB7 /* ViewController.swift */ = {isa = PBXFileReference; lastKnownFileType = sourcecode.swift; path = ViewController.swift; sourceTree = "<group>"; };
		F76646251EBC19C8000A5EB7 /* Base */ = {isa = PBXFileReference; lastKnownFileType = file.storyboard; name = Base; path = Base.lproj/Main.storyboard; sourceTree = "<group>"; };
		F76646281EBC19C8000A5EB7 /* ConnectedSocial.xcdatamodel */ = {isa = PBXFileReference; lastKnownFileType = wrapper.xcdatamodel; path = ConnectedSocial.xcdatamodel; sourceTree = "<group>"; };
		F766462A1EBC19C8000A5EB7 /* Assets.xcassets */ = {isa = PBXFileReference; lastKnownFileType = folder.assetcatalog; path = Assets.xcassets; sourceTree = "<group>"; };
		F766462D1EBC19C8000A5EB7 /* Base */ = {isa = PBXFileReference; lastKnownFileType = file.storyboard; name = Base; path = Base.lproj/LaunchScreen.storyboard; sourceTree = "<group>"; };
		F766462F1EBC19C8000A5EB7 /* Info.plist */ = {isa = PBXFileReference; lastKnownFileType = text.plist.xml; path = Info.plist; sourceTree = "<group>"; };
		F76646341EBC19C9000A5EB7 /* ConnectedSocialTests.xctest */ = {isa = PBXFileReference; explicitFileType = wrapper.cfbundle; includeInIndex = 0; path = ConnectedSocialTests.xctest; sourceTree = BUILT_PRODUCTS_DIR; };
		F76646381EBC19C9000A5EB7 /* ConnectedSocialTests.swift */ = {isa = PBXFileReference; lastKnownFileType = sourcecode.swift; path = ConnectedSocialTests.swift; sourceTree = "<group>"; };
		F766463A1EBC19C9000A5EB7 /* Info.plist */ = {isa = PBXFileReference; lastKnownFileType = text.plist.xml; path = Info.plist; sourceTree = "<group>"; };
		F766463F1EBC19C9000A5EB7 /* ConnectedSocialUITests.xctest */ = {isa = PBXFileReference; explicitFileType = wrapper.cfbundle; includeInIndex = 0; path = ConnectedSocialUITests.xctest; sourceTree = BUILT_PRODUCTS_DIR; };
		F76646431EBC19C9000A5EB7 /* ConnectedSocialUITests.swift */ = {isa = PBXFileReference; lastKnownFileType = sourcecode.swift; path = ConnectedSocialUITests.swift; sourceTree = "<group>"; };
		F76646451EBC19C9000A5EB7 /* Info.plist */ = {isa = PBXFileReference; lastKnownFileType = text.plist.xml; path = Info.plist; sourceTree = "<group>"; };
/* End PBXFileReference section */

/* Begin PBXFrameworksBuildPhase section */
		F766461A1EBC19C8000A5EB7 /* Frameworks */ = {
			isa = PBXFrameworksBuildPhase;
			buildActionMask = 2147483647;
			files = (
			);
			runOnlyForDeploymentPostprocessing = 0;
		};
		F76646311EBC19C9000A5EB7 /* Frameworks */ = {
			isa = PBXFrameworksBuildPhase;
			buildActionMask = 2147483647;
			files = (
			);
			runOnlyForDeploymentPostprocessing = 0;
		};
		F766463C1EBC19C9000A5EB7 /* Frameworks */ = {
			isa = PBXFrameworksBuildPhase;
			buildActionMask = 2147483647;
			files = (
			);
			runOnlyForDeploymentPostprocessing = 0;
		};
/* End PBXFrameworksBuildPhase section */

/* Begin PBXGroup section */
		F76646141EBC19C8000A5EB7 = {
			isa = PBXGroup;
			children = (
				F766461F1EBC19C8000A5EB7 /* ConnectedSocial */,
				F76646371EBC19C9000A5EB7 /* ConnectedSocialTests */,
				F76646421EBC19C9000A5EB7 /* ConnectedSocialUITests */,
				F766461E1EBC19C8000A5EB7 /* Products */,
			);
			sourceTree = "<group>";
		};
		F766461E1EBC19C8000A5EB7 /* Products */ = {
			isa = PBXGroup;
			children = (
				F766461D1EBC19C8000A5EB7 /* ConnectedSocial.app */,
				F76646341EBC19C9000A5EB7 /* ConnectedSocialTests.xctest */,
				F766463F1EBC19C9000A5EB7 /* ConnectedSocialUITests.xctest */,
			);
			name = Products;
			sourceTree = "<group>";
		};
		F766461F1EBC19C8000A5EB7 /* ConnectedSocial */ = {
			isa = PBXGroup;
			children = (
				F76646201EBC19C8000A5EB7 /* AppDelegate.swift */,
				F76646221EBC19C8000A5EB7 /* ViewController.swift */,
				F76646241EBC19C8000A5EB7 /* Main.storyboard */,
				F766462A1EBC19C8000A5EB7 /* Assets.xcassets */,
				F766462C1EBC19C8000A5EB7 /* LaunchScreen.storyboard */,
				F766462F1EBC19C8000A5EB7 /* Info.plist */,
				F76646271EBC19C8000A5EB7 /* ConnectedSocial.xcdatamodeld */,
			);
			path = ConnectedSocial;
			sourceTree = "<group>";
		};
		F76646371EBC19C9000A5EB7 /* ConnectedSocialTests */ = {
			isa = PBXGroup;
			children = (
				F76646381EBC19C9000A5EB7 /* ConnectedSocialTests.swift */,
				F766463A1EBC19C9000A5EB7 /* Info.plist */,
			);
			path = ConnectedSocialTests;
			sourceTree = "<group>";
		};
		F76646421EBC19C9000A5EB7 /* ConnectedSocialUITests */ = {
			isa = PBXGroup;
			children = (
				F76646431EBC19C9000A5EB7 /* ConnectedSocialUITests.swift */,
				F76646451EBC19C9000A5EB7 /* Info.plist */,
			);
			path = ConnectedSocialUITests;
			sourceTree = "<group>";
		};
/* End PBXGroup section */

/* Begin PBXNativeTarget section */
		F766461C1EBC19C8000A5EB7 /* ConnectedSocial */ = {
			isa = PBXNativeTarget;
			buildConfigurationList = F76646481EBC19C9000A5EB7 /* Build configuration list for PBXNativeTarget "ConnectedSocial" */;
			buildPhases = (
				F76646191EBC19C8000A5EB7 /* Sources */,
				F766461A1EBC19C8000A5EB7 /* Frameworks */,
				F766461B1EBC19C8000A5EB7 /* Resources */,
			);
			buildRules = (
			);
			dependencies = (
			);
			name = ConnectedSocial;
			productName = ConnectedSocial;
			productReference = F766461D1EBC19C8000A5EB7 /* ConnectedSocial.app */;
			productType = "com.apple.product-type.application";
		};
		F76646331EBC19C9000A5EB7 /* ConnectedSocialTests */ = {
			isa = PBXNativeTarget;
			buildConfigurationList = F766464B1EBC19C9000A5EB7 /* Build configuration list for PBXNativeTarget "ConnectedSocialTests" */;
			buildPhases = (
				F76646301EBC19C9000A5EB7 /* Sources */,
				F76646311EBC19C9000A5EB7 /* Frameworks */,
				F76646321EBC19C9000A5EB7 /* Resources */,
			);
			buildRules = (
			);
			dependencies = (
				F76646361EBC19C9000A5EB7 /* PBXTargetDependency */,
			);
			name = ConnectedSocialTests;
			productName = ConnectedSocialTests;
			productReference = F76646341EBC19C9000A5EB7 /* ConnectedSocialTests.xctest */;
			productType = "com.apple.product-type.bundle.unit-test";
		};
		F766463E1EBC19C9000A5EB7 /* ConnectedSocialUITests */ = {
			isa = PBXNativeTarget;
			buildConfigurationList = F766464E1EBC19C9000A5EB7 /* Build configuration list for PBXNativeTarget "ConnectedSocialUITests" */;
			buildPhases = (
				F766463B1EBC19C9000A5EB7 /* Sources */,
				F766463C1EBC19C9000A5EB7 /* Frameworks */,
				F766463D1EBC19C9000A5EB7 /* Resources */,
			);
			buildRules = (
			);
			dependencies = (
				F76646411EBC19C9000A5EB7 /* PBXTargetDependency */,
			);
			name = ConnectedSocialUITests;
			productName = ConnectedSocialUITests;
			productReference = F766463F1EBC19C9000A5EB7 /* ConnectedSocialUITests.xctest */;
			productType = "com.apple.product-type.bundle.ui-testing";
		};
/* End PBXNativeTarget section */

/* Begin PBXProject section */
		F76646151EBC19C8000A5EB7 /* Project object */ = {
			isa = PBXProject;
			attributes = {
				LastSwiftUpdateCheck = 0830;
				LastUpgradeCheck = 0830;
				ORGANIZATIONNAME = "Jeremy Turney";
				TargetAttributes = {
					F766461C1EBC19C8000A5EB7 = {
						CreatedOnToolsVersion = 8.3.1;
						DevelopmentTeam = GATV55BM4X;
						ProvisioningStyle = Automatic;
					};
					F76646331EBC19C9000A5EB7 = {
						CreatedOnToolsVersion = 8.3.1;
						DevelopmentTeam = GATV55BM4X;
						ProvisioningStyle = Automatic;
						TestTargetID = F766461C1EBC19C8000A5EB7;
					};
					F766463E1EBC19C9000A5EB7 = {
						CreatedOnToolsVersion = 8.3.1;
						DevelopmentTeam = GATV55BM4X;
						ProvisioningStyle = Automatic;
						TestTargetID = F766461C1EBC19C8000A5EB7;
					};
				};
			};
			buildConfigurationList = F76646181EBC19C8000A5EB7 /* Build configuration list for PBXProject "ConnectedSocial" */;
			compatibilityVersion = "Xcode 3.2";
			developmentRegion = English;
			hasScannedForEncodings = 0;
			knownRegions = (
				en,
				Base,
			);
			mainGroup = F76646141EBC19C8000A5EB7;
			productRefGroup = F766461E1EBC19C8000A5EB7 /* Products */;
			projectDirPath = "";
			projectRoot = "";
			targets = (
				F766461C1EBC19C8000A5EB7 /* ConnectedSocial */,
				F76646331EBC19C9000A5EB7 /* ConnectedSocialTests */,
				F766463E1EBC19C9000A5EB7 /* ConnectedSocialUITests */,
			);
		};
/* End PBXProject section */

/* Begin PBXResourcesBuildPhase section */
		F766461B1EBC19C8000A5EB7 /* Resources */ = {
			isa = PBXResourcesBuildPhase;
			buildActionMask = 2147483647;
			files = (
				F766462E1EBC19C8000A5EB7 /* LaunchScreen.storyboard in Resources */,
				F766462B1EBC19C8000A5EB7 /* Assets.xcassets in Resources */,
				F76646261EBC19C8000A5EB7 /* Main.storyboard in Resources */,
			);
			runOnlyForDeploymentPostprocessing = 0;
		};
		F76646321EBC19C9000A5EB7 /* Resources */ = {
			isa = PBXResourcesBuildPhase;
			buildActionMask = 2147483647;
			files = (
			);
			runOnlyForDeploymentPostprocessing = 0;
		};
		F766463D1EBC19C9000A5EB7 /* Resources */ = {
			isa = PBXResourcesBuildPhase;
			buildActionMask = 2147483647;
			files = (
			);
			runOnlyForDeploymentPostprocessing = 0;
		};
/* End PBXResourcesBuildPhase section */

/* Begin PBXSourcesBuildPhase section */
		F76646191EBC19C8000A5EB7 /* Sources */ = {
			isa = PBXSourcesBuildPhase;
			buildActionMask = 2147483647;
			files = (
				F76646231EBC19C8000A5EB7 /* ViewController.swift in Sources */,
				F76646291EBC19C8000A5EB7 /* ConnectedSocial.xcdatamodeld in Sources */,
				F76646211EBC19C8000A5EB7 /* AppDelegate.swift in Sources */,
			);
			runOnlyForDeploymentPostprocessing = 0;
		};
		F76646301EBC19C9000A5EB7 /* Sources */ = {
			isa = PBXSourcesBuildPhase;
			buildActionMask = 2147483647;
			files = (
				F76646391EBC19C9000A5EB7 /* ConnectedSocialTests.swift in Sources */,
			);
			runOnlyForDeploymentPostprocessing = 0;
		};
		F766463B1EBC19C9000A5EB7 /* Sources */ = {
			isa = PBXSourcesBuildPhase;
			buildActionMask = 2147483647;
			files = (
				F76646441EBC19C9000A5EB7 /* ConnectedSocialUITests.swift in Sources */,
			);
			runOnlyForDeploymentPostprocessing = 0;
		};
/* End PBXSourcesBuildPhase section */

/* Begin PBXTargetDependency section */
		F76646361EBC19C9000A5EB7 /* PBXTargetDependency */ = {
			isa = PBXTargetDependency;
			target = F766461C1EBC19C8000A5EB7 /* ConnectedSocial */;
			targetProxy = F76646351EBC19C9000A5EB7 /* PBXContainerItemProxy */;
		};
		F76646411EBC19C9000A5EB7 /* PBXTargetDependency */ = {
			isa = PBXTargetDependency;
			target = F766461C1EBC19C8000A5EB7 /* ConnectedSocial */;
			targetProxy = F76646401EBC19C9000A5EB7 /* PBXContainerItemProxy */;
		};
/* End PBXTargetDependency section */

/* Begin PBXVariantGroup section */
		F76646241EBC19C8000A5EB7 /* Main.storyboard */ = {
			isa = PBXVariantGroup;
			children = (
				F76646251EBC19C8000A5EB7 /* Base */,
			);
			name = Main.storyboard;
			sourceTree = "<group>";
		};
		F766462C1EBC19C8000A5EB7 /* LaunchScreen.storyboard */ = {
			isa = PBXVariantGroup;
			children = (
				F766462D1EBC19C8000A5EB7 /* Base */,
			);
			name = LaunchScreen.storyboard;
			sourceTree = "<group>";
		};
/* End PBXVariantGroup section */

/* Begin XCBuildConfiguration section */
		F76646461EBC19C9000A5EB7 /* Debug */ = {
			isa = XCBuildConfiguration;
			buildSettings = {
				ALWAYS_SEARCH_USER_PATHS = NO;
				CLANG_ANALYZER_NONNULL = YES;
				CLANG_ANALYZER_NUMBER_OBJECT_CONVERSION = YES_AGGRESSIVE;
				CLANG_CXX_LANGUAGE_STANDARD = "gnu++0x";
				CLANG_CXX_LIBRARY = "libc++";
				CLANG_ENABLE_MODULES = YES;
				CLANG_ENABLE_OBJC_ARC = YES;
				CLANG_WARN_BOOL_CONVERSION = YES;
				CLANG_WARN_CONSTANT_CONVERSION = YES;
				CLANG_WARN_DIRECT_OBJC_ISA_USAGE = YES_ERROR;
				CLANG_WARN_DOCUMENTATION_COMMENTS = YES;
				CLANG_WARN_EMPTY_BODY = YES;
				CLANG_WARN_ENUM_CONVERSION = YES;
				CLANG_WARN_INFINITE_RECURSION = YES;
				CLANG_WARN_INT_CONVERSION = YES;
				CLANG_WARN_OBJC_ROOT_CLASS = YES_ERROR;
				CLANG_WARN_SUSPICIOUS_MOVE = YES;
				CLANG_WARN_UNREACHABLE_CODE = YES;
				CLANG_WARN__DUPLICATE_METHOD_MATCH = YES;
				"CODE_SIGN_IDENTITY[sdk=iphoneos*]" = "iPhone Developer";
				COPY_PHASE_STRIP = NO;
				DEBUG_INFORMATION_FORMAT = dwarf;
				ENABLE_STRICT_OBJC_MSGSEND = YES;
				ENABLE_TESTABILITY = YES;
				GCC_C_LANGUAGE_STANDARD = gnu99;
				GCC_DYNAMIC_NO_PIC = NO;
				GCC_NO_COMMON_BLOCKS = YES;
				GCC_OPTIMIZATION_LEVEL = 0;
				GCC_PREPROCESSOR_DEFINITIONS = (
					"DEBUG=1",
					"$(inherited)",
				);
				GCC_WARN_64_TO_32_BIT_CONVERSION = YES;
				GCC_WARN_ABOUT_RETURN_TYPE = YES_ERROR;
				GCC_WARN_UNDECLARED_SELECTOR = YES;
				GCC_WARN_UNINITIALIZED_AUTOS = YES_AGGRESSIVE;
				GCC_WARN_UNUSED_FUNCTION = YES;
				GCC_WARN_UNUSED_VARIABLE = YES;
				IPHONEOS_DEPLOYMENT_TARGET = 10.3;
				MTL_ENABLE_DEBUG_INFO = YES;
				ONLY_ACTIVE_ARCH = YES;
				SDKROOT = iphoneos;
				SWIFT_ACTIVE_COMPILATION_CONDITIONS = DEBUG;
				SWIFT_OPTIMIZATION_LEVEL = "-Onone";
				TARGETED_DEVICE_FAMILY = "1,2";
			};
			name = Debug;
		};
		F76646471EBC19C9000A5EB7 /* Release */ = {
			isa = XCBuildConfiguration;
			buildSettings = {
				ALWAYS_SEARCH_USER_PATHS = NO;
				CLANG_ANALYZER_NONNULL = YES;
				CLANG_ANALYZER_NUMBER_OBJECT_CONVERSION = YES_AGGRESSIVE;
				CLANG_CXX_LANGUAGE_STANDARD = "gnu++0x";
				CLANG_CXX_LIBRARY = "libc++";
				CLANG_ENABLE_MODULES = YES;
				CLANG_ENABLE_OBJC_ARC = YES;
				CLANG_WARN_BOOL_CONVERSION = YES;
				CLANG_WARN_CONSTANT_CONVERSION = YES;
				CLANG_WARN_DIRECT_OBJC_ISA_USAGE = YES_ERROR;
				CLANG_WARN_DOCUMENTATION_COMMENTS = YES;
				CLANG_WARN_EMPTY_BODY = YES;
				CLANG_WARN_ENUM_CONVERSION = YES;
				CLANG_WARN_INFINITE_RECURSION = YES;
				CLANG_WARN_INT_CONVERSION = YES;
				CLANG_WARN_OBJC_ROOT_CLASS = YES_ERROR;
				CLANG_WARN_SUSPICIOUS_MOVE = YES;
				CLANG_WARN_UNREACHABLE_CODE = YES;
				CLANG_WARN__DUPLICATE_METHOD_MATCH = YES;
				"CODE_SIGN_IDENTITY[sdk=iphoneos*]" = "iPhone Developer";
				COPY_PHASE_STRIP = NO;
				DEBUG_INFORMATION_FORMAT = "dwarf-with-dsym";
				ENABLE_NS_ASSERTIONS = NO;
				ENABLE_STRICT_OBJC_MSGSEND = YES;
				GCC_C_LANGUAGE_STANDARD = gnu99;
				GCC_NO_COMMON_BLOCKS = YES;
				GCC_WARN_64_TO_32_BIT_CONVERSION = YES;
				GCC_WARN_ABOUT_RETURN_TYPE = YES_ERROR;
				GCC_WARN_UNDECLARED_SELECTOR = YES;
				GCC_WARN_UNINITIALIZED_AUTOS = YES_AGGRESSIVE;
				GCC_WARN_UNUSED_FUNCTION = YES;
				GCC_WARN_UNUSED_VARIABLE = YES;
				IPHONEOS_DEPLOYMENT_TARGET = 10.3;
				MTL_ENABLE_DEBUG_INFO = NO;
				SDKROOT = iphoneos;
				SWIFT_OPTIMIZATION_LEVEL = "-Owholemodule";
				TARGETED_DEVICE_FAMILY = "1,2";
				VALIDATE_PRODUCT = YES;
			};
			name = Release;
		};
		F76646491EBC19C9000A5EB7 /* Debug */ = {
			isa = XCBuildConfiguration;
			buildSettings = {
				ASSETCATALOG_COMPILER_APPICON_NAME = AppIcon;
				DEVELOPMENT_TEAM = GATV55BM4X;
				INFOPLIST_FILE = ConnectedSocial/Info.plist;
				LD_RUNPATH_SEARCH_PATHS = "$(inherited) @executable_path/Frameworks";
				PRODUCT_BUNDLE_IDENTIFIER = "Jeremy-Turney.ConnectedSocial";
				PRODUCT_NAME = "$(TARGET_NAME)";
				SWIFT_VERSION = 3.0;
			};
			name = Debug;
		};
		F766464A1EBC19C9000A5EB7 /* Release */ = {
			isa = XCBuildConfiguration;
			buildSettings = {
				ASSETCATALOG_COMPILER_APPICON_NAME = AppIcon;
				DEVELOPMENT_TEAM = GATV55BM4X;
				INFOPLIST_FILE = ConnectedSocial/Info.plist;
				LD_RUNPATH_SEARCH_PATHS = "$(inherited) @executable_path/Frameworks";
				PRODUCT_BUNDLE_IDENTIFIER = "Jeremy-Turney.ConnectedSocial";
				PRODUCT_NAME = "$(TARGET_NAME)";
				SWIFT_VERSION = 3.0;
			};
			name = Release;
		};
		F766464C1EBC19C9000A5EB7 /* Debug */ = {
			isa = XCBuildConfiguration;
			buildSettings = {
				ALWAYS_EMBED_SWIFT_STANDARD_LIBRARIES = YES;
				BUNDLE_LOADER = "$(TEST_HOST)";
				DEVELOPMENT_TEAM = GATV55BM4X;
				INFOPLIST_FILE = ConnectedSocialTests/Info.plist;
				LD_RUNPATH_SEARCH_PATHS = "$(inherited) @executable_path/Frameworks @loader_path/Frameworks";
				PRODUCT_BUNDLE_IDENTIFIER = "Jeremy-Turney.ConnectedSocialTests";
				PRODUCT_NAME = "$(TARGET_NAME)";
				SWIFT_VERSION = 3.0;
				TEST_HOST = "$(BUILT_PRODUCTS_DIR)/ConnectedSocial.app/ConnectedSocial";
			};
			name = Debug;
		};
		F766464D1EBC19C9000A5EB7 /* Release */ = {
			isa = XCBuildConfiguration;
			buildSettings = {
				ALWAYS_EMBED_SWIFT_STANDARD_LIBRARIES = YES;
				BUNDLE_LOADER = "$(TEST_HOST)";
				DEVELOPMENT_TEAM = GATV55BM4X;
				INFOPLIST_FILE = ConnectedSocialTests/Info.plist;
				LD_RUNPATH_SEARCH_PATHS = "$(inherited) @executable_path/Frameworks @loader_path/Frameworks";
				PRODUCT_BUNDLE_IDENTIFIER = "Jeremy-Turney.ConnectedSocialTests";
				PRODUCT_NAME = "$(TARGET_NAME)";
				SWIFT_VERSION = 3.0;
				TEST_HOST = "$(BUILT_PRODUCTS_DIR)/ConnectedSocial.app/ConnectedSocial";
			};
			name = Release;
		};
		F766464F1EBC19C9000A5EB7 /* Debug */ = {
			isa = XCBuildConfiguration;
			buildSettings = {
				ALWAYS_EMBED_SWIFT_STANDARD_LIBRARIES = YES;
				DEVELOPMENT_TEAM = GATV55BM4X;
				INFOPLIST_FILE = ConnectedSocialUITests/Info.plist;
				LD_RUNPATH_SEARCH_PATHS = "$(inherited) @executable_path/Frameworks @loader_path/Frameworks";
				PRODUCT_BUNDLE_IDENTIFIER = "Jeremy-Turney.ConnectedSocialUITests";
				PRODUCT_NAME = "$(TARGET_NAME)";
				SWIFT_VERSION = 3.0;
				TEST_TARGET_NAME = ConnectedSocial;
			};
			name = Debug;
		};
		F76646501EBC19C9000A5EB7 /* Release */ = {
			isa = XCBuildConfiguration;
			buildSettings = {
				ALWAYS_EMBED_SWIFT_STANDARD_LIBRARIES = YES;
				DEVELOPMENT_TEAM = GATV55BM4X;
				INFOPLIST_FILE = ConnectedSocialUITests/Info.plist;
				LD_RUNPATH_SEARCH_PATHS = "$(inherited) @executable_path/Frameworks @loader_path/Frameworks";
				PRODUCT_BUNDLE_IDENTIFIER = "Jeremy-Turney.ConnectedSocialUITests";
				PRODUCT_NAME = "$(TARGET_NAME)";
				SWIFT_VERSION = 3.0;
				TEST_TARGET_NAME = ConnectedSocial;
			};
			name = Release;
		};
/* End XCBuildConfiguration section */

/* Begin XCConfigurationList section */
		F76646181EBC19C8000A5EB7 /* Build configuration list for PBXProject "ConnectedSocial" */ = {
			isa = XCConfigurationList;
			buildConfigurations = (
				F76646461EBC19C9000A5EB7 /* Debug */,
				F76646471EBC19C9000A5EB7 /* Release */,
			);
			defaultConfigurationIsVisible = 0;
			defaultConfigurationName = Release;
		};
		F76646481EBC19C9000A5EB7 /* Build configuration list for PBXNativeTarget "ConnectedSocial" */ = {
			isa = XCConfigurationList;
			buildConfigurations = (
				F76646491EBC19C9000A5EB7 /* Debug */,
				F766464A1EBC19C9000A5EB7 /* Release */,
			);
			defaultConfigurationIsVisible = 0;
		};
		F766464B1EBC19C9000A5EB7 /* Build configuration list for PBXNativeTarget "ConnectedSocialTests" */ = {
			isa = XCConfigurationList;
			buildConfigurations = (
				F766464C1EBC19C9000A5EB7 /* Debug */,
				F766464D1EBC19C9000A5EB7 /* Release */,
			);
			defaultConfigurationIsVisible = 0;
		};
		F766464E1EBC19C9000A5EB7 /* Build configuration list for PBXNativeTarget "ConnectedSocialUITests" */ = {
			isa = XCConfigurationList;
			buildConfigurations = (
				F766464F1EBC19C9000A5EB7 /* Debug */,
				F76646501EBC19C9000A5EB7 /* Release */,
			);
			defaultConfigurationIsVisible = 0;
		};
/* End XCConfigurationList section */

/* Begin XCVersionGroup section */
		F76646271EBC19C8000A5EB7 /* ConnectedSocial.xcdatamodeld */ = {
			isa = XCVersionGroup;
			children = (
				F76646281EBC19C8000A5EB7 /* ConnectedSocial.xcdatamodel */,
			);
			currentVersion = F76646281EBC19C8000A5EB7 /* ConnectedSocial.xcdatamodel */;
			path = ConnectedSocial.xcdatamodeld;
			sourceTree = "<group>";
			versionGroupType = wrapper.xcdatamodel;
		};
/* End XCVersionGroup section */
	};
	rootObject = F76646151EBC19C8000A5EB7 /* Project object */;
}
